// !$*UTF8*$!
{
	archiveVersion = 1;
	classes = {
	};
	objectVersion = 46;
	objects = {

/* Begin PBXBuildFile section */
		180F5AAC1D13F7EB00555F95 /* main.m in Sources */ = {isa = PBXBuildFile; fileRef = 180F5AAB1D13F7EB00555F95 /* main.m */; };
		180F5AAF1D13F7EB00555F95 /* AppDelegate.m in Sources */ = {isa = PBXBuildFile; fileRef = 180F5AAE1D13F7EB00555F95 /* AppDelegate.m */; };
		180F5AB21D13F7EB00555F95 /* ViewController.m in Sources */ = {isa = PBXBuildFile; fileRef = 180F5AB11D13F7EB00555F95 /* ViewController.m */; };
		180F5AB51D13F7EB00555F95 /* Main.storyboard in Resources */ = {isa = PBXBuildFile; fileRef = 180F5AB31D13F7EB00555F95 /* Main.storyboard */; };
		180F5AB71D13F7EB00555F95 /* Assets.xcassets in Resources */ = {isa = PBXBuildFile; fileRef = 180F5AB61D13F7EB00555F95 /* Assets.xcassets */; };
		180F5ABA1D13F7EB00555F95 /* LaunchScreen.storyboard in Resources */ = {isa = PBXBuildFile; fileRef = 180F5AB81D13F7EB00555F95 /* LaunchScreen.storyboard */; };
		180F5AC51D13F7EB00555F95 /* DemoTests.m in Sources */ = {isa = PBXBuildFile; fileRef = 180F5AC41D13F7EB00555F95 /* DemoTests.m */; };
		180F5AD01D13F7EB00555F95 /* DemoUITests.m in Sources */ = {isa = PBXBuildFile; fileRef = 180F5ACF1D13F7EB00555F95 /* DemoUITests.m */; };
		180F5ADF1D13F7F500555F95 /* ZQSetSpace.m in Sources */ = {isa = PBXBuildFile; fileRef = 180F5ADE1D13F7F500555F95 /* ZQSetSpace.m */; };
/* End PBXBuildFile section */

/* Begin PBXContainerItemProxy section */
		180F5AC11D13F7EB00555F95 /* PBXContainerItemProxy */ = {
			isa = PBXContainerItemProxy;
			containerPortal = 180F5A9F1D13F7EB00555F95 /* Project object */;
			proxyType = 1;
			remoteGlobalIDString = 180F5AA61D13F7EB00555F95;
			remoteInfo = Demo;
		};
		180F5ACC1D13F7EB00555F95 /* PBXContainerItemProxy */ = {
			isa = PBXContainerItemProxy;
			containerPortal = 180F5A9F1D13F7EB00555F95 /* Project object */;
			proxyType = 1;
			remoteGlobalIDString = 180F5AA61D13F7EB00555F95;
			remoteInfo = Demo;
		};
/* End PBXContainerItemProxy section */

/* Begin PBXFileReference section */
		180F5AA71D13F7EB00555F95 /* Demo.app */ = {isa = PBXFileReference; explicitFileType = wrapper.application; includeInIndex = 0; path = Demo.app; sourceTree = BUILT_PRODUCTS_DIR; };
		180F5AAB1D13F7EB00555F95 /* main.m */ = {isa = PBXFileReference; lastKnownFileType = sourcecode.c.objc; path = main.m; sourceTree = "<group>"; };
		180F5AAD1D13F7EB00555F95 /* AppDelegate.h */ = {isa = PBXFileReference; lastKnownFileType = sourcecode.c.h; path = AppDelegate.h; sourceTree = "<group>"; };
		180F5AAE1D13F7EB00555F95 /* AppDelegate.m */ = {isa = PBXFileReference; lastKnownFileType = sourcecode.c.objc; path = AppDelegate.m; sourceTree = "<group>"; };
		180F5AB01D13F7EB00555F95 /* ViewController.h */ = {isa = PBXFileReference; lastKnownFileType = sourcecode.c.h; path = ViewController.h; sourceTree = "<group>"; };
		180F5AB11D13F7EB00555F95 /* ViewController.m */ = {isa = PBXFileReference; lastKnownFileType = sourcecode.c.objc; path = ViewController.m; sourceTree = "<group>"; };
		180F5AB41D13F7EB00555F95 /* Base */ = {isa = PBXFileReference; lastKnownFileType = file.storyboard; name = Base; path = Base.lproj/Main.storyboard; sourceTree = "<group>"; };
		180F5AB61D13F7EB00555F95 /* Assets.xcassets */ = {isa = PBXFileReference; lastKnownFileType = folder.assetcatalog; path = Assets.xcassets; sourceTree = "<group>"; };
		180F5AB91D13F7EB00555F95 /* Base */ = {isa = PBXFileReference; lastKnownFileType = file.storyboard; name = Base; path = Base.lproj/LaunchScreen.storyboard; sourceTree = "<group>"; };
		180F5ABB1D13F7EB00555F95 /* Info.plist */ = {isa = PBXFileReference; lastKnownFileType = text.plist.xml; path = Info.plist; sourceTree = "<group>"; };
		180F5AC01D13F7EB00555F95 /* DemoTests.xctest */ = {isa = PBXFileReference; explicitFileType = wrapper.cfbundle; includeInIndex = 0; path = DemoTests.xctest; sourceTree = BUILT_PRODUCTS_DIR; };
		180F5AC41D13F7EB00555F95 /* DemoTests.m */ = {isa = PBXFileReference; lastKnownFileType = sourcecode.c.objc; path = DemoTests.m; sourceTree = "<group>"; };
		180F5AC61D13F7EB00555F95 /* Info.plist */ = {isa = PBXFileReference; lastKnownFileType = text.plist.xml; path = Info.plist; sourceTree = "<group>"; };
		180F5ACB1D13F7EB00555F95 /* DemoUITests.xctest */ = {isa = PBXFileReference; explicitFileType = wrapper.cfbundle; includeInIndex = 0; path = DemoUITests.xctest; sourceTree = BUILT_PRODUCTS_DIR; };
		180F5ACF1D13F7EB00555F95 /* DemoUITests.m */ = {isa = PBXFileReference; lastKnownFileType = sourcecode.c.objc; path = DemoUITests.m; sourceTree = "<group>"; };
		180F5AD11D13F7EB00555F95 /* Info.plist */ = {isa = PBXFileReference; lastKnownFileType = text.plist.xml; path = Info.plist; sourceTree = "<group>"; };
		180F5ADD1D13F7F500555F95 /* ZQSetSpace.h */ = {isa = PBXFileReference; fileEncoding = 4; lastKnownFileType = sourcecode.c.h; name = ZQSetSpace.h; path = Demo/ZQSetSpace.h; sourceTree = "<group>"; };
		180F5ADE1D13F7F500555F95 /* ZQSetSpace.m */ = {isa = PBXFileReference; fileEncoding = 4; lastKnownFileType = sourcecode.c.objc; name = ZQSetSpace.m; path = Demo/ZQSetSpace.m; sourceTree = "<group>"; };
/* End PBXFileReference section */

/* Begin PBXFrameworksBuildPhase section */
		180F5AA41D13F7EB00555F95 /* Frameworks */ = {
			isa = PBXFrameworksBuildPhase;
			buildActionMask = 2147483647;
			files = (
			);
			runOnlyForDeploymentPostprocessing = 0;
		};
		180F5ABD1D13F7EB00555F95 /* Frameworks */ = {
			isa = PBXFrameworksBuildPhase;
			buildActionMask = 2147483647;
			files = (
			);
			runOnlyForDeploymentPostprocessing = 0;
		};
		180F5AC81D13F7EB00555F95 /* Frameworks */ = {
			isa = PBXFrameworksBuildPhase;
			buildActionMask = 2147483647;
			files = (
			);
			runOnlyForDeploymentPostprocessing = 0;
		};
/* End PBXFrameworksBuildPhase section */

/* Begin PBXGroup section */
		180F5A9E1D13F7EB00555F95 = {
			isa = PBXGroup;
			children = (
				180F5AE01D13F94F00555F95 /* ZQSetSpace */,
				180F5AA91D13F7EB00555F95 /* Demo */,
				180F5AC31D13F7EB00555F95 /* DemoTests */,
				180F5ACE1D13F7EB00555F95 /* DemoUITests */,
				180F5AA81D13F7EB00555F95 /* Products */,
			);
			sourceTree = "<group>";
		};
		180F5AA81D13F7EB00555F95 /* Products */ = {
			isa = PBXGroup;
			children = (
				180F5AA71D13F7EB00555F95 /* Demo.app */,
				180F5AC01D13F7EB00555F95 /* DemoTests.xctest */,
				180F5ACB1D13F7EB00555F95 /* DemoUITests.xctest */,
			);
			name = Products;
			sourceTree = "<group>";
		};
		180F5AA91D13F7EB00555F95 /* Demo */ = {
			isa = PBXGroup;
			children = (
				180F5AAD1D13F7EB00555F95 /* AppDelegate.h */,
				180F5AAE1D13F7EB00555F95 /* AppDelegate.m */,
				180F5AB01D13F7EB00555F95 /* ViewController.h */,
				180F5AB11D13F7EB00555F95 /* ViewController.m */,
				180F5AB31D13F7EB00555F95 /* Main.storyboard */,
				180F5AB61D13F7EB00555F95 /* Assets.xcassets */,
				180F5AB81D13F7EB00555F95 /* LaunchScreen.storyboard */,
				180F5ABB1D13F7EB00555F95 /* Info.plist */,
				180F5AAA1D13F7EB00555F95 /* Supporting Files */,
			);
			path = Demo;
			sourceTree = "<group>";
		};
		180F5AAA1D13F7EB00555F95 /* Supporting Files */ = {
			isa = PBXGroup;
			children = (
				180F5AAB1D13F7EB00555F95 /* main.m */,
			);
			name = "Supporting Files";
			sourceTree = "<group>";
		};
		180F5AC31D13F7EB00555F95 /* DemoTests */ = {
			isa = PBXGroup;
			children = (
				180F5AC41D13F7EB00555F95 /* DemoTests.m */,
				180F5AC61D13F7EB00555F95 /* Info.plist */,
			);
			path = DemoTests;
			sourceTree = "<group>";
		};
		180F5ACE1D13F7EB00555F95 /* DemoUITests */ = {
			isa = PBXGroup;
			children = (
				180F5ACF1D13F7EB00555F95 /* DemoUITests.m */,
				180F5AD11D13F7EB00555F95 /* Info.plist */,
			);
			path = DemoUITests;
			sourceTree = "<group>";
		};
		180F5AE01D13F94F00555F95 /* ZQSetSpace */ = {
			isa = PBXGroup;
			children = (
				180F5ADD1D13F7F500555F95 /* ZQSetSpace.h */,
				180F5ADE1D13F7F500555F95 /* ZQSetSpace.m */,
			);
			name = ZQSetSpace;
			sourceTree = "<group>";
		};
/* End PBXGroup section */

/* Begin PBXNativeTarget section */
		180F5AA61D13F7EB00555F95 /* Demo */ = {
			isa = PBXNativeTarget;
			buildConfigurationList = 180F5AD41D13F7EB00555F95 /* Build configuration list for PBXNativeTarget "Demo" */;
			buildPhases = (
				180F5AA31D13F7EB00555F95 /* Sources */,
				180F5AA41D13F7EB00555F95 /* Frameworks */,
				180F5AA51D13F7EB00555F95 /* Resources */,
			);
			buildRules = (
			);
			dependencies = (
			);
			name = Demo;
			productName = Demo;
			productReference = 180F5AA71D13F7EB00555F95 /* Demo.app */;
			productType = "com.apple.product-type.application";
		};
		180F5ABF1D13F7EB00555F95 /* DemoTests */ = {
			isa = PBXNativeTarget;
			buildConfigurationList = 180F5AD71D13F7EB00555F95 /* Build configuration list for PBXNativeTarget "DemoTests" */;
			buildPhases = (
				180F5ABC1D13F7EB00555F95 /* Sources */,
				180F5ABD1D13F7EB00555F95 /* Frameworks */,
				180F5ABE1D13F7EB00555F95 /* Resources */,
			);
			buildRules = (
			);
			dependencies = (
				180F5AC21D13F7EB00555F95 /* PBXTargetDependency */,
			);
			name = DemoTests;
			productName = DemoTests;
			productReference = 180F5AC01D13F7EB00555F95 /* DemoTests.xctest */;
			productType = "com.apple.product-type.bundle.unit-test";
		};
		180F5ACA1D13F7EB00555F95 /* DemoUITests */ = {
			isa = PBXNativeTarget;
			buildConfigurationList = 180F5ADA1D13F7EB00555F95 /* Build configuration list for PBXNativeTarget "DemoUITests" */;
			buildPhases = (
				180F5AC71D13F7EB00555F95 /* Sources */,
				180F5AC81D13F7EB00555F95 /* Frameworks */,
				180F5AC91D13F7EB00555F95 /* Resources */,
			);
			buildRules = (
			);
			dependencies = (
				180F5ACD1D13F7EB00555F95 /* PBXTargetDependency */,
			);
			name = DemoUITests;
			productName = DemoUITests;
			productReference = 180F5ACB1D13F7EB00555F95 /* DemoUITests.xctest */;
			productType = "com.apple.product-type.bundle.ui-testing";
		};
/* End PBXNativeTarget section */

/* Begin PBXProject section */
		180F5A9F1D13F7EB00555F95 /* Project object */ = {
			isa = PBXProject;
			attributes = {
				LastUpgradeCheck = 0730;
				ORGANIZATIONNAME = Sinobel;
				TargetAttributes = {
					180F5AA61D13F7EB00555F95 = {
						CreatedOnToolsVersion = 7.3;
					};
					180F5ABF1D13F7EB00555F95 = {
						CreatedOnToolsVersion = 7.3;
						TestTargetID = 180F5AA61D13F7EB00555F95;
					};
					180F5ACA1D13F7EB00555F95 = {
						CreatedOnToolsVersion = 7.3;
						TestTargetID = 180F5AA61D13F7EB00555F95;
					};
				};
			};
			buildConfigurationList = 180F5AA21D13F7EB00555F95 /* Build configuration list for PBXProject "Demo" */;
			compatibilityVersion = "Xcode 3.2";
			developmentRegion = English;
			hasScannedForEncodings = 0;
			knownRegions = (
				en,
				Base,
			);
			mainGroup = 180F5A9E1D13F7EB00555F95;
			productRefGroup = 180F5AA81D13F7EB00555F95 /* Products */;
			projectDirPath = "";
			projectRoot = "";
			targets = (
				180F5AA61D13F7EB00555F95 /* Demo */,
				180F5ABF1D13F7EB00555F95 /* DemoTests */,
				180F5ACA1D13F7EB00555F95 /* DemoUITests */,
			);
		};
/* End PBXProject section */

/* Begin PBXResourcesBuildPhase section */
		180F5AA51D13F7EB00555F95 /* Resources */ = {
			isa = PBXResourcesBuildPhase;
			buildActionMask = 2147483647;
			files = (
				180F5ABA1D13F7EB00555F95 /* LaunchScreen.storyboard in Resources */,
				180F5AB71D13F7EB00555F95 /* Assets.xcassets in Resources */,
				180F5AB51D13F7EB00555F95 /* Main.storyboard in Resources */,
			);
			runOnlyForDeploymentPostprocessing = 0;
		};
		180F5ABE1D13F7EB00555F95 /* Resources */ = {
			isa = PBXResourcesBuildPhase;
			buildActionMask = 2147483647;
			files = (
			);
			runOnlyForDeploymentPostprocessing = 0;
		};
		180F5AC91D13F7EB00555F95 /* Resources */ = {
			isa = PBXResourcesBuildPhase;
			buildActionMask = 2147483647;
			files = (
			);
			runOnlyForDeploymentPostprocessing = 0;
		};
/* End PBXResourcesBuildPhase section */

/* Begin PBXSourcesBuildPhase section */
		180F5AA31D13F7EB00555F95 /* Sources */ = {
			isa = PBXSourcesBuildPhase;
			buildActionMask = 2147483647;
			files = (
				180F5AB21D13F7EB00555F95 /* ViewController.m in Sources */,
				180F5AAF1D13F7EB00555F95 /* AppDelegate.m in Sources */,
				180F5ADF1D13F7F500555F95 /* ZQSetSpace.m in Sources */,
				180F5AAC1D13F7EB00555F95 /* main.m in Sources */,
			);
			runOnlyForDeploymentPostprocessing = 0;
		};
		180F5ABC1D13F7EB00555F95 /* Sources */ = {
			isa = PBXSourcesBuildPhase;
			buildActionMask = 2147483647;
			files = (
				180F5AC51D13F7EB00555F95 /* DemoTests.m in Sources */,
			);
			runOnlyForDeploymentPostprocessing = 0;
		};
		180F5AC71D13F7EB00555F95 /* Sources */ = {
			isa = PBXSourcesBuildPhase;
			buildActionMask = 2147483647;
			files = (
				180F5AD01D13F7EB00555F95 /* DemoUITests.m in Sources */,
			);
			runOnlyForDeploymentPostprocessing = 0;
		};
/* End PBXSourcesBuildPhase section */

/* Begin PBXTargetDependency section */
		180F5AC21D13F7EB00555F95 /* PBXTargetDependency */ = {
			isa = PBXTargetDependency;
			target = 180F5AA61D13F7EB00555F95 /* Demo */;
			targetProxy = 180F5AC11D13F7EB00555F95 /* PBXContainerItemProxy */;
		};
		180F5ACD1D13F7EB00555F95 /* PBXTargetDependency */ = {
			isa = PBXTargetDependency;
			target = 180F5AA61D13F7EB00555F95 /* Demo */;
			targetProxy = 180F5ACC1D13F7EB00555F95 /* PBXContainerItemProxy */;
		};
/* End PBXTargetDependency section */

/* Begin PBXVariantGroup section */
		180F5AB31D13F7EB00555F95 /* Main.storyboard */ = {
			isa = PBXVariantGroup;
			children = (
				180F5AB41D13F7EB00555F95 /* Base */,
			);
			name = Main.storyboard;
			sourceTree = "<group>";
		};
		180F5AB81D13F7EB00555F95 /* LaunchScreen.storyboard */ = {
			isa = PBXVariantGroup;
			children = (
				180F5AB91D13F7EB00555F95 /* Base */,
			);
			name = LaunchScreen.storyboard;
			sourceTree = "<group>";
		};
/* End PBXVariantGroup section */

/* Begin XCBuildConfiguration section */
		180F5AD21D13F7EB00555F95 /* Debug */ = {
			isa = XCBuildConfiguration;
			buildSettings = {
				ALWAYS_SEARCH_USER_PATHS = NO;
				CLANG_ANALYZER_NONNULL = YES;
				CLANG_CXX_LANGUAGE_STANDARD = "gnu++0x";
				CLANG_CXX_LIBRARY = "libc++";
				CLANG_ENABLE_MODULES = YES;
				CLANG_ENABLE_OBJC_ARC = YES;
				CLANG_WARN_BOOL_CONVERSION = YES;
				CLANG_WARN_CONSTANT_CONVERSION = YES;
				CLANG_WARN_DIRECT_OBJC_ISA_USAGE = YES_ERROR;
				CLANG_WARN_EMPTY_BODY = YES;
				CLANG_WARN_ENUM_CONVERSION = YES;
				CLANG_WARN_INT_CONVERSION = YES;
				CLANG_WARN_OBJC_ROOT_CLASS = YES_ERROR;
				CLANG_WARN_UNREACHABLE_CODE = YES;
				CLANG_WARN__DUPLICATE_METHOD_MATCH = YES;
				"CODE_SIGN_IDENTITY[sdk=iphoneos*]" = "iPhone Developer";
				COPY_PHASE_STRIP = NO;
				DEBUG_INFORMATION_FORMAT = dwarf;
				ENABLE_STRICT_OBJC_MSGSEND = YES;
				ENABLE_TESTABILITY = YES;
				GCC_C_LANGUAGE_STANDARD = gnu99;
				GCC_DYNAMIC_NO_PIC = NO;
				GCC_NO_COMMON_BLOCKS = YES;
				GCC_OPTIMIZATION_LEVEL = 0;
				GCC_PREPROCESSOR_DEFINITIONS = (
					"DEBUG=1",
					"$(inherited)",
				);
				GCC_WARN_64_TO_32_BIT_CONVERSION = YES;
				GCC_WARN_ABOUT_RETURN_TYPE = YES_ERROR;
				GCC_WARN_UNDECLARED_SELECTOR = YES;
				GCC_WARN_UNINITIALIZED_AUTOS = YES_AGGRESSIVE;
				GCC_WARN_UNUSED_FUNCTION = YES;
				GCC_WARN_UNUSED_VARIABLE = YES;
				IPHONEOS_DEPLOYMENT_TARGET = 9.3;
				MTL_ENABLE_DEBUG_INFO = YES;
				ONLY_ACTIVE_ARCH = YES;
				SDKROOT = iphoneos;
			};
			name = Debug;
		};
		180F5AD31D13F7EB00555F95 /* Release */ = {
			isa = XCBuildConfiguration;
			buildSettings = {
				ALWAYS_SEARCH_USER_PATHS = NO;
				CLANG_ANALYZER_NONNULL = YES;
				CLANG_CXX_LANGUAGE_STANDARD = "gnu++0x";
				CLANG_CXX_LIBRARY = "libc++";
				CLANG_ENABLE_MODULES = YES;
				CLANG_ENABLE_OBJC_ARC = YES;
				CLANG_WARN_BOOL_CONVERSION = YES;
				CLANG_WARN_CONSTANT_CONVERSION = YES;
				CLANG_WARN_DIRECT_OBJC_ISA_USAGE = YES_ERROR;
				CLANG_WARN_EMPTY_BODY = YES;
				CLANG_WARN_ENUM_CONVERSION = YES;
				CLANG_WARN_INT_CONVERSION = YES;
				CLANG_WARN_OBJC_ROOT_CLASS = YES_ERROR;
				CLANG_WARN_UNREACHABLE_CODE = YES;
				CLANG_WARN__DUPLICATE_METHOD_MATCH = YES;
				"CODE_SIGN_IDENTITY[sdk=iphoneos*]" = "iPhone Developer";
				COPY_PHASE_STRIP = NO;
				DEBUG_INFORMATION_FORMAT = "dwarf-with-dsym";
				ENABLE_NS_ASSERTIONS = NO;
				ENABLE_STRICT_OBJC_MSGSEND = YES;
				GCC_C_LANGUAGE_STANDARD = gnu99;
				GCC_NO_COMMON_BLOCKS = YES;
				GCC_WARN_64_TO_32_BIT_CONVERSION = YES;
				GCC_WARN_ABOUT_RETURN_TYPE = YES_ERROR;
				GCC_WARN_UNDECLARED_SELECTOR = YES;
				GCC_WARN_UNINITIALIZED_AUTOS = YES_AGGRESSIVE;
				GCC_WARN_UNUSED_FUNCTION = YES;
				GCC_WARN_UNUSED_VARIABLE = YES;
				IPHONEOS_DEPLOYMENT_TARGET = 9.3;
				MTL_ENABLE_DEBUG_INFO = NO;
				SDKROOT = iphoneos;
				VALIDATE_PRODUCT = YES;
			};
			name = Release;
		};
		180F5AD51D13F7EB00555F95 /* Debug */ = {
			isa = XCBuildConfiguration;
			buildSettings = {
				ASSETCATALOG_COMPILER_APPICON_NAME = AppIcon;
				INFOPLIST_FILE = Demo/Info.plist;
				LD_RUNPATH_SEARCH_PATHS = "$(inherited) @executable_path/Frameworks";
				PRODUCT_BUNDLE_IDENTIFIER = Sinobel.Demo;
				PRODUCT_NAME = "$(TARGET_NAME)";
			};
			name = Debug;
		};
		180F5AD61D13F7EB00555F95 /* Release */ = {
			isa = XCBuildConfiguration;
			buildSettings = {
				ASSETCATALOG_COMPILER_APPICON_NAME = AppIcon;
				INFOPLIST_FILE = Demo/Info.plist;
				LD_RUNPATH_SEARCH_PATHS = "$(inherited) @executable_path/Frameworks";
				PRODUCT_BUNDLE_IDENTIFIER = Sinobel.Demo;
				PRODUCT_NAME = "$(TARGET_NAME)";
			};
			name = Release;
		};
		180F5AD81D13F7EB00555F95 /* Debug */ = {
			isa = XCBuildConfiguration;
			buildSettings = {
				BUNDLE_LOADER = "$(TEST_HOST)";
				INFOPLIST_FILE = DemoTests/Info.plist;
				LD_RUNPATH_SEARCH_PATHS = "$(inherited) @executable_path/Frameworks @loader_path/Frameworks";
				PRODUCT_BUNDLE_IDENTIFIER = Sinobel.DemoTests;
				PRODUCT_NAME = "$(TARGET_NAME)";
				TEST_HOST = "$(BUILT_PRODUCTS_DIR)/Demo.app/Demo";
			};
			name = Debug;
		};
		180F5AD91D13F7EB00555F95 /* Release */ = {
			isa = XCBuildConfiguration;
			buildSettings = {
				BUNDLE_LOADER = "$(TEST_HOST)";
				INFOPLIST_FILE = DemoTests/Info.plist;
				LD_RUNPATH_SEARCH_PATHS = "$(inherited) @executable_path/Frameworks @loader_path/Frameworks";
				PRODUCT_BUNDLE_IDENTIFIER = Sinobel.DemoTests;
				PRODUCT_NAME = "$(TARGET_NAME)";
				TEST_HOST = "$(BUILT_PRODUCTS_DIR)/Demo.app/Demo";
			};
			name = Release;
		};
		180F5ADB1D13F7EB00555F95 /* Debug */ = {
			isa = XCBuildConfiguration;
			buildSettings = {
				INFOPLIST_FILE = DemoUITests/Info.plist;
				LD_RUNPATH_SEARCH_PATHS = "$(inherited) @executable_path/Frameworks @loader_path/Frameworks";
				PRODUCT_BUNDLE_IDENTIFIER = Sinobel.DemoUITests;
				PRODUCT_NAME = "$(TARGET_NAME)";
				TEST_TARGET_NAME = Demo;
			};
			name = Debug;
		};
		180F5ADC1D13F7EB00555F95 /* Release */ = {
			isa = XCBuildConfiguration;
			buildSettings = {
				INFOPLIST_FILE = DemoUITests/Info.plist;
				LD_RUNPATH_SEARCH_PATHS = "$(inherited) @executable_path/Frameworks @loader_path/Frameworks";
				PRODUCT_BUNDLE_IDENTIFIER = Sinobel.DemoUITests;
				PRODUCT_NAME = "$(TARGET_NAME)";
				TEST_TARGET_NAME = Demo;
			};
			name = Release;
		};
/* End XCBuildConfiguration section */

/* Begin XCConfigurationList section */
		180F5AA21D13F7EB00555F95 /* Build configuration list for PBXProject "Demo" */ = {
			isa = XCConfigurationList;
			buildConfigurations = (
				180F5AD21D13F7EB00555F95 /* Debug */,
				180F5AD31D13F7EB00555F95 /* Release */,
			);
			defaultConfigurationIsVisible = 0;
			defaultConfigurationName = Release;
		};
		180F5AD41D13F7EB00555F95 /* Build configuration list for PBXNativeTarget "Demo" */ = {
			isa = XCConfigurationList;
			buildConfigurations = (
				180F5AD51D13F7EB00555F95 /* Debug */,
				180F5AD61D13F7EB00555F95 /* Release */,
			);
			defaultConfigurationIsVisible = 0;
		};
		180F5AD71D13F7EB00555F95 /* Build configuration list for PBXNativeTarget "DemoTests" */ = {
			isa = XCConfigurationList;
			buildConfigurations = (
				180F5AD81D13F7EB00555F95 /* Debug */,
				180F5AD91D13F7EB00555F95 /* Release */,
			);
			defaultConfigurationIsVisible = 0;
		};
		180F5ADA1D13F7EB00555F95 /* Build configuration list for PBXNativeTarget "DemoUITests" */ = {
			isa = XCConfigurationList;
			buildConfigurations = (
				180F5ADB1D13F7EB00555F95 /* Debug */,
				180F5ADC1D13F7EB00555F95 /* Release */,
			);
			defaultConfigurationIsVisible = 0;
		};
/* End XCConfigurationList section */
	};
	rootObject = 180F5A9F1D13F7EB00555F95 /* Project object */;
}
